
Microsoft Visual Studio Solution File, Format Version 12.00
# Visual Studio Version 17
VisualStudioVersion = 17.4.33213.308
MinimumVisualStudioVersion = 10.0.40219.1
Project("{9A19103F-16F7-4668-BE54-9A1E7A4F7556}") = "EnvioEmail", "ConsoleApp2\EnvioEmail.csproj", "{7E3AFC39-B845-4D56-9DCB-B0B1A58BEF10}"
EndProject
Global
	GlobalSection(SolutionConfigurationPlatforms) = preSolution
		Debug|Any CPU = Debug|Any CPU
		Release|Any CPU = Release|Any CPU
	EndGlobalSection
	GlobalSection(ProjectConfigurationPlatforms) = postSolution
		{7E3AFC39-B845-4D56-9DCB-B0B1A58BEF10}.Debug|Any CPU.ActiveCfg = Debug|Any CPU
		{7E3AFC39-B845-4D56-9DCB-B0B1A58BEF10}.Debug|Any CPU.Build.0 = Debug|Any CPU
		{7E3AFC39-B845-4D56-9DCB-B0B1A58BEF10}.Release|Any CPU.ActiveCfg = Release|Any CPU
		{7E3AFC39-B845-4D56-9DCB-B0B1A58BEF10}.Release|Any CPU.Build.0 = Release|Any CPU
	EndGlobalSection
	GlobalSection(SolutionProperties) = preSolution
		HideSolutionNode = FALSE
	EndGlobalSection
	GlobalSection(ExtensibilityGlobals) = postSolution
		SolutionGuid = {D107645B-A9E1-4525-B6EA-A584B93036A7}
	EndGlobalSection
EndGlobal
